dependencies:
  espressif/mdns:
    component_hash: d439c8c9f4a029f521fc772f5a1376af7972ffbad7ff353eff58d98258696633
    dependencies:
    - name: idf
      require: private
      version: '>=5.0'
    source:
      registry_url: https://components.espressif.com/
      type: service
    version: 1.5.1
  espressif/qrcode:
    component_hash: 3b493771bc5d6ad30cbf87c25bf784aada8a08c941504355b55d6b75518ed7bc
    dependencies: []
    source:
      registry_url: https://components.espressif.com/
      type: service
    version: 0.1.0~2
  idf:
    source:
      type: idf
    version: 5.4.0
direct_dependencies:
- espressif/mdns
- espressif/qrcode
- idf
manifest_hash: 293c615b22f7162bb2fa099ee58691e9c61c54a6b4b6d288ab4959021bbffddf
target: esp32s3
version: 2.0.0
